// !$*UTF8*$!
{
	archiveVersion = 1;
	classes = {
	};
	objectVersion = 50;
	objects = {

/* Begin PBXBuildFile section */
		945B658794503EBCF3B4762B /* Pods_HackerNews.framework in Frameworks */ = {isa = PBXBuildFile; fileRef = 100FF0765D344E207073FF3C /* Pods_HackerNews.framework */; };
		DF2009DC21AEE5490030D91B /* APICall.swift in Sources */ = {isa = PBXBuildFile; fileRef = DF2009DB21AEE5490030D91B /* APICall.swift */; };
		DF2009DF21AEE6000030D91B /* Constant.swift in Sources */ = {isa = PBXBuildFile; fileRef = DF2009DE21AEE6000030D91B /* Constant.swift */; };
		DF2009E221AEE6F40030D91B /* Protocols.swift in Sources */ = {isa = PBXBuildFile; fileRef = DF2009E121AEE6F40030D91B /* Protocols.swift */; };
		DF749DA921AD77DA00B10FDE /* NewsViewController.swift in Sources */ = {isa = PBXBuildFile; fileRef = DF749DA821AD77DA00B10FDE /* NewsViewController.swift */; };
		DFC91EDD21AC2A230040BCDD /* AppDelegate.swift in Sources */ = {isa = PBXBuildFile; fileRef = DFC91EDC21AC2A230040BCDD /* AppDelegate.swift */; };
		DFC91EDF21AC2A230040BCDD /* ViewController.swift in Sources */ = {isa = PBXBuildFile; fileRef = DFC91EDE21AC2A230040BCDD /* ViewController.swift */; };
		DFC91EE221AC2A230040BCDD /* Main.storyboard in Resources */ = {isa = PBXBuildFile; fileRef = DFC91EE021AC2A230040BCDD /* Main.storyboard */; };
		DFC91EE421AC2A260040BCDD /* Assets.xcassets in Resources */ = {isa = PBXBuildFile; fileRef = DFC91EE321AC2A260040BCDD /* Assets.xcassets */; };
		DFC91EE721AC2A260040BCDD /* LaunchScreen.storyboard in Resources */ = {isa = PBXBuildFile; fileRef = DFC91EE521AC2A260040BCDD /* LaunchScreen.storyboard */; };
		DFEC03E621AC39790035A5BE /* GoogleService-Info.plist in Resources */ = {isa = PBXBuildFile; fileRef = DFEC03E521AC39790035A5BE /* GoogleService-Info.plist */; };
/* End PBXBuildFile section */

/* Begin PBXFileReference section */
		100FF0765D344E207073FF3C /* Pods_HackerNews.framework */ = {isa = PBXFileReference; explicitFileType = wrapper.framework; includeInIndex = 0; path = Pods_HackerNews.framework; sourceTree = BUILT_PRODUCTS_DIR; };
		BE831C47868E56B9582E8134 /* Pods-HackerNews.release.xcconfig */ = {isa = PBXFileReference; includeInIndex = 1; lastKnownFileType = text.xcconfig; name = "Pods-HackerNews.release.xcconfig"; path = "Pods/Target Support Files/Pods-HackerNews/Pods-HackerNews.release.xcconfig"; sourceTree = "<group>"; };
		DF2009DB21AEE5490030D91B /* APICall.swift */ = {isa = PBXFileReference; lastKnownFileType = sourcecode.swift; path = APICall.swift; sourceTree = "<group>"; };
		DF2009DE21AEE6000030D91B /* Constant.swift */ = {isa = PBXFileReference; lastKnownFileType = sourcecode.swift; path = Constant.swift; sourceTree = "<group>"; };
		DF2009E121AEE6F40030D91B /* Protocols.swift */ = {isa = PBXFileReference; lastKnownFileType = sourcecode.swift; path = Protocols.swift; sourceTree = "<group>"; };
		DF749DA821AD77DA00B10FDE /* NewsViewController.swift */ = {isa = PBXFileReference; lastKnownFileType = sourcecode.swift; path = NewsViewController.swift; sourceTree = "<group>"; };
		DFC91ED921AC2A230040BCDD /* HackerNews.app */ = {isa = PBXFileReference; explicitFileType = wrapper.application; includeInIndex = 0; path = HackerNews.app; sourceTree = BUILT_PRODUCTS_DIR; };
		DFC91EDC21AC2A230040BCDD /* AppDelegate.swift */ = {isa = PBXFileReference; lastKnownFileType = sourcecode.swift; path = AppDelegate.swift; sourceTree = "<group>"; };
		DFC91EDE21AC2A230040BCDD /* ViewController.swift */ = {isa = PBXFileReference; lastKnownFileType = sourcecode.swift; path = ViewController.swift; sourceTree = "<group>"; };
		DFC91EE121AC2A230040BCDD /* Base */ = {isa = PBXFileReference; lastKnownFileType = file.storyboard; name = Base; path = Base.lproj/Main.storyboard; sourceTree = "<group>"; };
		DFC91EE321AC2A260040BCDD /* Assets.xcassets */ = {isa = PBXFileReference; lastKnownFileType = folder.assetcatalog; path = Assets.xcassets; sourceTree = "<group>"; };
		DFC91EE621AC2A260040BCDD /* Base */ = {isa = PBXFileReference; lastKnownFileType = file.storyboard; name = Base; path = Base.lproj/LaunchScreen.storyboard; sourceTree = "<group>"; };
		DFC91EE821AC2A260040BCDD /* Info.plist */ = {isa = PBXFileReference; lastKnownFileType = text.plist.xml; path = Info.plist; sourceTree = "<group>"; };
		DFEC03E521AC39790035A5BE /* GoogleService-Info.plist */ = {isa = PBXFileReference; fileEncoding = 4; lastKnownFileType = text.plist.xml; path = "GoogleService-Info.plist"; sourceTree = SOURCE_ROOT; };
		F54DCE873AD65865D2EF79DB /* Pods-HackerNews.debug.xcconfig */ = {isa = PBXFileReference; includeInIndex = 1; lastKnownFileType = text.xcconfig; name = "Pods-HackerNews.debug.xcconfig"; path = "Pods/Target Support Files/Pods-HackerNews/Pods-HackerNews.debug.xcconfig"; sourceTree = "<group>"; };
/* End PBXFileReference section */

/* Begin PBXFrameworksBuildPhase section */
		DFC91ED621AC2A230040BCDD /* Frameworks */ = {
			isa = PBXFrameworksBuildPhase;
			buildActionMask = 2147483647;
			files = (
				945B658794503EBCF3B4762B /* Pods_HackerNews.framework in Frameworks */,
			);
			runOnlyForDeploymentPostprocessing = 0;
		};
/* End PBXFrameworksBuildPhase section */

/* Begin PBXGroup section */
		1433675C3F9C8AC69924E304 /* Frameworks */ = {
			isa = PBXGroup;
			children = (
				100FF0765D344E207073FF3C /* Pods_HackerNews.framework */,
			);
			name = Frameworks;
			sourceTree = "<group>";
		};
		DF2009D921AEE4FD0030D91B /* Interactor */ = {
			isa = PBXGroup;
			children = (
				DF2009DB21AEE5490030D91B /* APICall.swift */,
			);
			path = Interactor;
			sourceTree = "<group>";
		};
		DF2009DA21AEE5230030D91B /* ViewController */ = {
			isa = PBXGroup;
			children = (
				DF749DA821AD77DA00B10FDE /* NewsViewController.swift */,
				DFC91EDE21AC2A230040BCDD /* ViewController.swift */,
			);
			path = ViewController;
			sourceTree = "<group>";
		};
		DF2009DD21AEE5E50030D91B /* Utility */ = {
			isa = PBXGroup;
			children = (
				DFC91EDC21AC2A230040BCDD /* AppDelegate.swift */,
				DF2009DE21AEE6000030D91B /* Constant.swift */,
				DF2009E121AEE6F40030D91B /* Protocols.swift */,
			);
			path = Utility;
			sourceTree = "<group>";
		};
		DFC91ED021AC2A230040BCDD = {
			isa = PBXGroup;
			children = (
				DFC91EDB21AC2A230040BCDD /* HackerNews */,
				DFC91EDA21AC2A230040BCDD /* Products */,
				FD2A436741FAC96771F93812 /* Pods */,
				1433675C3F9C8AC69924E304 /* Frameworks */,
			);
			sourceTree = "<group>";
		};
		DFC91EDA21AC2A230040BCDD /* Products */ = {
			isa = PBXGroup;
			children = (
				DFC91ED921AC2A230040BCDD /* HackerNews.app */,
			);
			name = Products;
			sourceTree = "<group>";
		};
		DFC91EDB21AC2A230040BCDD /* HackerNews */ = {
			isa = PBXGroup;
			children = (
				DFC91EE321AC2A260040BCDD /* Assets.xcassets */,
				DFEC03E521AC39790035A5BE /* GoogleService-Info.plist */,
				DFC91EE821AC2A260040BCDD /* Info.plist */,
				DF2009D921AEE4FD0030D91B /* Interactor */,
				DFC91EE521AC2A260040BCDD /* LaunchScreen.storyboard */,
				DFC91EE021AC2A230040BCDD /* Main.storyboard */,
				DF2009DD21AEE5E50030D91B /* Utility */,
				DF2009DA21AEE5230030D91B /* ViewController */,
			);
			path = HackerNews;
			sourceTree = "<group>";
		};
		FD2A436741FAC96771F93812 /* Pods */ = {
			isa = PBXGroup;
			children = (
				F54DCE873AD65865D2EF79DB /* Pods-HackerNews.debug.xcconfig */,
				BE831C47868E56B9582E8134 /* Pods-HackerNews.release.xcconfig */,
			);
			name = Pods;
			sourceTree = "<group>";
		};
/* End PBXGroup section */

/* Begin PBXNativeTarget section */
		DFC91ED821AC2A230040BCDD /* HackerNews */ = {
			isa = PBXNativeTarget;
			buildConfigurationList = DFC91EEB21AC2A260040BCDD /* Build configuration list for PBXNativeTarget "HackerNews" */;
			buildPhases = (
				4B81188EF1B9A4B5A714F687 /* [CP] Check Pods Manifest.lock */,
				DFC91ED521AC2A230040BCDD /* Sources */,
				DFC91ED621AC2A230040BCDD /* Frameworks */,
				DFC91ED721AC2A230040BCDD /* Resources */,
				F1F958E235EBFAD5764BFD72 /* [CP] Embed Pods Frameworks */,
				6D46FADA3280B0EC1D494A36 /* [CP] Copy Pods Resources */,
			);
			buildRules = (
			);
			dependencies = (
			);
			name = HackerNews;
			productName = HackerNews;
			productReference = DFC91ED921AC2A230040BCDD /* HackerNews.app */;
			productType = "com.apple.product-type.application";
		};
/* End PBXNativeTarget section */

/* Begin PBXProject section */
		DFC91ED121AC2A230040BCDD /* Project object */ = {
			isa = PBXProject;
			attributes = {
				LastSwiftUpdateCheck = 1000;
				LastUpgradeCheck = 1000;
				ORGANIZATIONNAME = "Anurita Srivastava";
				TargetAttributes = {
					DFC91ED821AC2A230040BCDD = {
						CreatedOnToolsVersion = 10.0;
					};
				};
			};
			buildConfigurationList = DFC91ED421AC2A230040BCDD /* Build configuration list for PBXProject "HackerNews" */;
			compatibilityVersion = "Xcode 9.3";
			developmentRegion = en;
			hasScannedForEncodings = 0;
			knownRegions = (
				en,
				Base,
			);
			mainGroup = DFC91ED021AC2A230040BCDD;
			productRefGroup = DFC91EDA21AC2A230040BCDD /* Products */;
			projectDirPath = "";
			projectRoot = "";
			targets = (
				DFC91ED821AC2A230040BCDD /* HackerNews */,
			);
		};
/* End PBXProject section */

/* Begin PBXResourcesBuildPhase section */
		DFC91ED721AC2A230040BCDD /* Resources */ = {
			isa = PBXResourcesBuildPhase;
			buildActionMask = 2147483647;
			files = (
				DFC91EE721AC2A260040BCDD /* LaunchScreen.storyboard in Resources */,
				DFEC03E621AC39790035A5BE /* GoogleService-Info.plist in Resources */,
				DFC91EE421AC2A260040BCDD /* Assets.xcassets in Resources */,
				DFC91EE221AC2A230040BCDD /* Main.storyboard in Resources */,
			);
			runOnlyForDeploymentPostprocessing = 0;
		};
/* End PBXResourcesBuildPhase section */

/* Begin PBXShellScriptBuildPhase section */
		4B81188EF1B9A4B5A714F687 /* [CP] Check Pods Manifest.lock */ = {
			isa = PBXShellScriptBuildPhase;
			buildActionMask = 2147483647;
			files = (
			);
			inputPaths = (
				"${PODS_PODFILE_DIR_PATH}/Podfile.lock",
				"${PODS_ROOT}/Manifest.lock",
			);
			name = "[CP] Check Pods Manifest.lock";
			outputPaths = (
				"$(DERIVED_FILE_DIR)/Pods-HackerNews-checkManifestLockResult.txt",
			);
			runOnlyForDeploymentPostprocessing = 0;
			shellPath = /bin/sh;
			shellScript = "diff \"${PODS_PODFILE_DIR_PATH}/Podfile.lock\" \"${PODS_ROOT}/Manifest.lock\" > /dev/null\nif [ $? != 0 ] ; then\n    # print error to STDERR\n    echo \"error: The sandbox is not in sync with the Podfile.lock. Run 'pod install' or update your CocoaPods installation.\" >&2\n    exit 1\nfi\n# This output is used by Xcode 'outputs' to avoid re-running this script phase.\necho \"SUCCESS\" > \"${SCRIPT_OUTPUT_FILE_0}\"\n";
			showEnvVarsInLog = 0;
		};
		6D46FADA3280B0EC1D494A36 /* [CP] Copy Pods Resources */ = {
			isa = PBXShellScriptBuildPhase;
			buildActionMask = 2147483647;
			files = (
			);
			inputPaths = (
				"${SRCROOT}/Pods/Target Support Files/Pods-HackerNews/Pods-HackerNews-resources.sh",
				"${PODS_ROOT}/GoogleSignIn/Resources/GoogleSignIn.bundle",
			);
			name = "[CP] Copy Pods Resources";
			outputPaths = (
				"${TARGET_BUILD_DIR}/${UNLOCALIZED_RESOURCES_FOLDER_PATH}/GoogleSignIn.bundle",
			);
			runOnlyForDeploymentPostprocessing = 0;
			shellPath = /bin/sh;
			shellScript = "\"${SRCROOT}/Pods/Target Support Files/Pods-HackerNews/Pods-HackerNews-resources.sh\"\n";
			showEnvVarsInLog = 0;
		};
		F1F958E235EBFAD5764BFD72 /* [CP] Embed Pods Frameworks */ = {
			isa = PBXShellScriptBuildPhase;
			buildActionMask = 2147483647;
			files = (
			);
			inputPaths = (
				"${SRCROOT}/Pods/Target Support Files/Pods-HackerNews/Pods-HackerNews-frameworks.sh",
				"${BUILT_PRODUCTS_DIR}/Alamofire/Alamofire.framework",
				"${BUILT_PRODUCTS_DIR}/GTMOAuth2/GTMOAuth2.framework",
				"${BUILT_PRODUCTS_DIR}/GTMSessionFetcher/GTMSessionFetcher.framework",
				"${BUILT_PRODUCTS_DIR}/GoogleToolboxForMac/GoogleToolboxForMac.framework",
				"${BUILT_PRODUCTS_DIR}/ObjectMapper/ObjectMapper.framework",
			);
			name = "[CP] Embed Pods Frameworks";
			outputPaths = (
				"${TARGET_BUILD_DIR}/${FRAMEWORKS_FOLDER_PATH}/Alamofire.framework",
				"${TARGET_BUILD_DIR}/${FRAMEWORKS_FOLDER_PATH}/GTMOAuth2.framework",
				"${TARGET_BUILD_DIR}/${FRAMEWORKS_FOLDER_PATH}/GTMSessionFetcher.framework",
				"${TARGET_BUILD_DIR}/${FRAMEWORKS_FOLDER_PATH}/GoogleToolboxForMac.framework",
				"${TARGET_BUILD_DIR}/${FRAMEWORKS_FOLDER_PATH}/ObjectMapper.framework",
			);
			runOnlyForDeploymentPostprocessing = 0;
			shellPath = /bin/sh;
			shellScript = "\"${SRCROOT}/Pods/Target Support Files/Pods-HackerNews/Pods-HackerNews-frameworks.sh\"\n";
			showEnvVarsInLog = 0;
		};
/* End PBXShellScriptBuildPhase section */

/* Begin PBXSourcesBuildPhase section */
		DFC91ED521AC2A230040BCDD /* Sources */ = {
			isa = PBXSourcesBuildPhase;
			buildActionMask = 2147483647;
			files = (
				DF749DA921AD77DA00B10FDE /* NewsViewController.swift in Sources */,
				DFC91EDF21AC2A230040BCDD /* ViewController.swift in Sources */,
				DF2009DF21AEE6000030D91B /* Constant.swift in Sources */,
				DF2009E221AEE6F40030D91B /* Protocols.swift in Sources */,
				DF2009DC21AEE5490030D91B /* APICall.swift in Sources */,
				DFC91EDD21AC2A230040BCDD /* AppDelegate.swift in Sources */,
			);
			runOnlyForDeploymentPostprocessing = 0;
		};
/* End PBXSourcesBuildPhase section */

/* Begin PBXVariantGroup section */
		DFC91EE021AC2A230040BCDD /* Main.storyboard */ = {
			isa = PBXVariantGroup;
			children = (
				DFC91EE121AC2A230040BCDD /* Base */,
			);
			name = Main.storyboard;
			sourceTree = "<group>";
		};
		DFC91EE521AC2A260040BCDD /* LaunchScreen.storyboard */ = {
			isa = PBXVariantGroup;
			children = (
				DFC91EE621AC2A260040BCDD /* Base */,
			);
			name = LaunchScreen.storyboard;
			sourceTree = "<group>";
		};
/* End PBXVariantGroup section */

/* Begin XCBuildConfiguration section */
		DFC91EE921AC2A260040BCDD /* Debug */ = {
			isa = XCBuildConfiguration;
			buildSettings = {
				ALWAYS_SEARCH_USER_PATHS = NO;
				CLANG_ANALYZER_NONNULL = YES;
				CLANG_ANALYZER_NUMBER_OBJECT_CONVERSION = YES_AGGRESSIVE;
				CLANG_CXX_LANGUAGE_STANDARD = "gnu++14";
				CLANG_CXX_LIBRARY = "libc++";
				CLANG_ENABLE_MODULES = YES;
				CLANG_ENABLE_OBJC_ARC = YES;
				CLANG_ENABLE_OBJC_WEAK = YES;
				CLANG_WARN_BLOCK_CAPTURE_AUTORELEASING = YES;
				CLANG_WARN_BOOL_CONVERSION = YES;
				CLANG_WARN_COMMA = YES;
				CLANG_WARN_CONSTANT_CONVERSION = YES;
				CLANG_WARN_DEPRECATED_OBJC_IMPLEMENTATIONS = YES;
				CLANG_WARN_DIRECT_OBJC_ISA_USAGE = YES_ERROR;
				CLANG_WARN_DOCUMENTATION_COMMENTS = YES;
				CLANG_WARN_EMPTY_BODY = YES;
				CLANG_WARN_ENUM_CONVERSION = YES;
				CLANG_WARN_INFINITE_RECURSION = YES;
				CLANG_WARN_INT_CONVERSION = YES;
				CLANG_WARN_NON_LITERAL_NULL_CONVERSION = YES;
				CLANG_WARN_OBJC_IMPLICIT_RETAIN_SELF = YES;
				CLANG_WARN_OBJC_LITERAL_CONVERSION = YES;
				CLANG_WARN_OBJC_ROOT_CLASS = YES_ERROR;
				CLANG_WARN_RANGE_LOOP_ANALYSIS = YES;
				CLANG_WARN_STRICT_PROTOTYPES = YES;
				CLANG_WARN_SUSPICIOUS_MOVE = YES;
				CLANG_WARN_UNGUARDED_AVAILABILITY = YES_AGGRESSIVE;
				CLANG_WARN_UNREACHABLE_CODE = YES;
				CLANG_WARN__DUPLICATE_METHOD_MATCH = YES;
				CODE_SIGN_IDENTITY = "iPhone Developer";
				COPY_PHASE_STRIP = NO;
				DEBUG_INFORMATION_FORMAT = dwarf;
				ENABLE_STRICT_OBJC_MSGSEND = YES;
				ENABLE_TESTABILITY = YES;
				GCC_C_LANGUAGE_STANDARD = gnu11;
				GCC_DYNAMIC_NO_PIC = NO;
				GCC_NO_COMMON_BLOCKS = YES;
				GCC_OPTIMIZATION_LEVEL = 0;
				GCC_PREPROCESSOR_DEFINITIONS = (
					"DEBUG=1",
					"$(inherited)",
				);
				GCC_WARN_64_TO_32_BIT_CONVERSION = YES;
				GCC_WARN_ABOUT_RETURN_TYPE = YES_ERROR;
				GCC_WARN_UNDECLARED_SELECTOR = YES;
				GCC_WARN_UNINITIALIZED_AUTOS = YES_AGGRESSIVE;
				GCC_WARN_UNUSED_FUNCTION = YES;
				GCC_WARN_UNUSED_VARIABLE = YES;
				IPHONEOS_DEPLOYMENT_TARGET = 12.0;
				MTL_ENABLE_DEBUG_INFO = INCLUDE_SOURCE;
				MTL_FAST_MATH = YES;
				ONLY_ACTIVE_ARCH = YES;
				SDKROOT = iphoneos;
				SWIFT_ACTIVE_COMPILATION_CONDITIONS = DEBUG;
				SWIFT_OPTIMIZATION_LEVEL = "-Onone";
			};
			name = Debug;
		};
		DFC91EEA21AC2A260040BCDD /* Release */ = {
			isa = XCBuildConfiguration;
			buildSettings = {
				ALWAYS_SEARCH_USER_PATHS = NO;
				CLANG_ANALYZER_NONNULL = YES;
				CLANG_ANALYZER_NUMBER_OBJECT_CONVERSION = YES_AGGRESSIVE;
				CLANG_CXX_LANGUAGE_STANDARD = "gnu++14";
				CLANG_CXX_LIBRARY = "libc++";
				CLANG_ENABLE_MODULES = YES;
				CLANG_ENABLE_OBJC_ARC = YES;
				CLANG_ENABLE_OBJC_WEAK = YES;
				CLANG_WARN_BLOCK_CAPTURE_AUTORELEASING = YES;
				CLANG_WARN_BOOL_CONVERSION = YES;
				CLANG_WARN_COMMA = YES;
				CLANG_WARN_CONSTANT_CONVERSION = YES;
				CLANG_WARN_DEPRECATED_OBJC_IMPLEMENTATIONS = YES;
				CLANG_WARN_DIRECT_OBJC_ISA_USAGE = YES_ERROR;
				CLANG_WARN_DOCUMENTATION_COMMENTS = YES;
				CLANG_WARN_EMPTY_BODY = YES;
				CLANG_WARN_ENUM_CONVERSION = YES;
				CLANG_WARN_INFINITE_RECURSION = YES;
				CLANG_WARN_INT_CONVERSION = YES;
				CLANG_WARN_NON_LITERAL_NULL_CONVERSION = YES;
				CLANG_WARN_OBJC_IMPLICIT_RETAIN_SELF = YES;
				CLANG_WARN_OBJC_LITERAL_CONVERSION = YES;
				CLANG_WARN_OBJC_ROOT_CLASS = YES_ERROR;
				CLANG_WARN_RANGE_LOOP_ANALYSIS = YES;
				CLANG_WARN_STRICT_PROTOTYPES = YES;
				CLANG_WARN_SUSPICIOUS_MOVE = YES;
				CLANG_WARN_UNGUARDED_AVAILABILITY = YES_AGGRESSIVE;
				CLANG_WARN_UNREACHABLE_CODE = YES;
				CLANG_WARN__DUPLICATE_METHOD_MATCH = YES;
				CODE_SIGN_IDENTITY = "iPhone Developer";
				COPY_PHASE_STRIP = NO;
				DEBUG_INFORMATION_FORMAT = "dwarf-with-dsym";
				ENABLE_NS_ASSERTIONS = NO;
				ENABLE_STRICT_OBJC_MSGSEND = YES;
				GCC_C_LANGUAGE_STANDARD = gnu11;
				GCC_NO_COMMON_BLOCKS = YES;
				GCC_WARN_64_TO_32_BIT_CONVERSION = YES;
				GCC_WARN_ABOUT_RETURN_TYPE = YES_ERROR;
				GCC_WARN_UNDECLARED_SELECTOR = YES;
				GCC_WARN_UNINITIALIZED_AUTOS = YES_AGGRESSIVE;
				GCC_WARN_UNUSED_FUNCTION = YES;
				GCC_WARN_UNUSED_VARIABLE = YES;
				IPHONEOS_DEPLOYMENT_TARGET = 12.0;
				MTL_ENABLE_DEBUG_INFO = NO;
				MTL_FAST_MATH = YES;
				SDKROOT = iphoneos;
				SWIFT_COMPILATION_MODE = wholemodule;
				SWIFT_OPTIMIZATION_LEVEL = "-O";
				VALIDATE_PRODUCT = YES;
			};
			name = Release;
		};
		DFC91EEC21AC2A260040BCDD /* Debug */ = {
			isa = XCBuildConfiguration;
			baseConfigurationReference = F54DCE873AD65865D2EF79DB /* Pods-HackerNews.debug.xcconfig */;
			buildSettings = {
				ASSETCATALOG_COMPILER_APPICON_NAME = AppIcon;
				CODE_SIGN_STYLE = Automatic;
				DEVELOPMENT_TEAM = M9Y5D22U5C;
				INFOPLIST_FILE = HackerNews/Info.plist;
				LD_RUNPATH_SEARCH_PATHS = (
					"$(inherited)",
					"@executable_path/Frameworks",
				);
				PRODUCT_BUNDLE_IDENTIFIER = Anurita.HackerNews;
				PRODUCT_NAME = "$(TARGET_NAME)";
				SWIFT_VERSION = 4.2;
				TARGETED_DEVICE_FAMILY = "1,2";
			};
			name = Debug;
		};
		DFC91EED21AC2A260040BCDD /* Release */ = {
			isa = XCBuildConfiguration;
			baseConfigurationReference = BE831C47868E56B9582E8134 /* Pods-HackerNews.release.xcconfig */;
			buildSettings = {
				ASSETCATALOG_COMPILER_APPICON_NAME = AppIcon;
				CODE_SIGN_STYLE = Automatic;
				DEVELOPMENT_TEAM = M9Y5D22U5C;
				INFOPLIST_FILE = HackerNews/Info.plist;
				LD_RUNPATH_SEARCH_PATHS = (
					"$(inherited)",
					"@executable_path/Frameworks",
				);
				PRODUCT_BUNDLE_IDENTIFIER = Anurita.HackerNews;
				PRODUCT_NAME = "$(TARGET_NAME)";
				SWIFT_VERSION = 4.2;
				TARGETED_DEVICE_FAMILY = "1,2";
			};
			name = Release;
		};
/* End XCBuildConfiguration section */

/* Begin XCConfigurationList section */
		DFC91ED421AC2A230040BCDD /* Build configuration list for PBXProject "HackerNews" */ = {
			isa = XCConfigurationList;
			buildConfigurations = (
				DFC91EE921AC2A260040BCDD /* Debug */,
				DFC91EEA21AC2A260040BCDD /* Release */,
			);
			defaultConfigurationIsVisible = 0;
			defaultConfigurationName = Release;
		};
		DFC91EEB21AC2A260040BCDD /* Build configuration list for PBXNativeTarget "HackerNews" */ = {
			isa = XCConfigurationList;
			buildConfigurations = (
				DFC91EEC21AC2A260040BCDD /* Debug */,
				DFC91EED21AC2A260040BCDD /* Release */,
			);
			defaultConfigurationIsVisible = 0;
			defaultConfigurationName = Release;
		};
/* End XCConfigurationList section */
	};
	rootObject = DFC91ED121AC2A230040BCDD /* Project object */;
}
